{
  "name": "Akinator-Bot",
  "version": "1.0.0",
  "lockfileVersion": 1,
  "requires": true,
  "dependencies": {
    "aki-api": {
      "version": "5.2.1",
      "resolved": "https://registry.npmjs.org/aki-api/-/aki-api-5.2.1.tgz",
      "integrity": "sha512-hKncCXEBsP6JOkaUoXVQtLlIZw8VQsWroZNEjtNWW+CVWt6zmXrKEDJtZ00ycg4TzQemRZPH6PhvJnP9Lq3lIw==",
      "requires": {
        "axios": "^0.21.1"
      },
      "dependencies": {
        "axios": {
          "version": "0.21.1",
          "resolved": "https://registry.npmjs.org/axios/-/axios-0.21.1.tgz",
          "integrity": "sha512-dKQiRHxGD9PPRIUNIWvZhPTPpl1rf/OxTYKsqKUDjBwYylTvV7SjSHJb9ratfyzM6wCdLCOYLzs73qpg5c4iGA==",
          "requires": {
            "follow-redirects": "^1.10.0"
          }
        }
      }
    },
    "discord.js": {
      "version": "12.5.1",
      "requires": {
        "@discordjs/collection": "^0.1.6",
        "@discordjs/form-data": "^3.0.1",
        "abort-controller": "^3.0.0",
        "node-fetch": "^2.6.1",
        "prism-media": "^1.2.2",
        "setimmediate": "^1.0.5",
        "tweetnacl": "^1.0.3",
        "ws": "^7.3.1"
      }
    },
    "follow-redirects": {
      "version": "1.13.1"
    }
  }
}
